
Microsoft Visual Studio Solution File, Format Version 12.00
# Visual Studio Version 16
VisualStudioVersion = 16.0.32106.194
MinimumVisualStudioVersion = 10.0.40219.1
Project("{FAE04EC0-301F-11D3-BF4B-00C04F79EFBC}") = "ADO.NET.DBConnection", "ADO.NET.DBConnection\ADO.NET.DBConnection.csproj", "{0FC80603-9BF0-4F6A-B3DE-92A5FEE82B66}"
EndProject
Project("{FAE04EC0-301F-11D3-BF4B-00C04F79EFBC}") = "DBCommand", "DBCommand\DBCommand.csproj", "{AA06406E-9E3D-4420-9F3C-A0455ECAE864}"
EndProject
Project("{FAE04EC0-301F-11D3-BF4B-00C04F79EFBC}") = "DatasetDesigner", "DatasetDesigner\DatasetDesigner.csproj", "{2C10C52E-1C5F-4E46-8FFE-073EEA166037}"
EndProject
Project("{FAE04EC0-301F-11D3-BF4B-00C04F79EFBC}") = "CreatingDataTable.Ex4-2", "CreatingDataTable.Ex4-2\CreatingDataTable.Ex4-2.csproj", "{55A39BB8-F46E-403A-83FA-590CF782666C}"
EndProject
Project("{FAE04EC0-301F-11D3-BF4B-00C04F79EFBC}") = "DataAdapterProgram.Ex4-3", "DataAdapterProgram.Ex4-3\DataAdapterProgram.Ex4-3.csproj", "{2F55B362-4839-442A-B761-34DFD027A6C5}"
EndProject
Project("{FAE04EC0-301F-11D3-BF4B-00C04F79EFBC}") = "DataAdapterWizard.Ex4-4", "DataAdapterWizard.Ex4-4\DataAdapterWizard.Ex4-4.csproj", "{0E76AAF0-E562-4B8E-B6E7-913B959DD5C3}"
EndProject
Project("{FAE04EC0-301F-11D3-BF4B-00C04F79EFBC}") = "WorkingDataTable.Ex4-5", "WorkingDataTable.Ex4-5\WorkingDataTable.Ex4-5.csproj", "{B7575C9B-B042-415B-9D47-E3C62C1367C6}"
EndProject
Project("{FAE04EC0-301F-11D3-BF4B-00C04F79EFBC}") = "DataViewExample.Ex4-6", "DataViewExample.Ex4-6\DataViewExample.Ex4-6.csproj", "{D1E0E3A8-37E3-4214-88ED-61EE416B16F5}"
EndProject
Project("{FAE04EC0-301F-11D3-BF4B-00C04F79EFBC}") = "DataSourcesWizard.Ex5-1", "DataSourcesWizard.Ex5-1\DataSourcesWizard.Ex5-1.csproj", "{B27B391F-0E53-4C86-8C24-A5758165DBDB}"
EndProject
Project("{FAE04EC0-301F-11D3-BF4B-00C04F79EFBC}") = "DataBindingSimple.Ex5-2", "DataBindingSimple.Ex5-2\DataBindingSimple.Ex5-2.csproj", "{33CF8DC7-B0D0-4D2F-BBD0-0806CABCB30B}"
EndProject
Project("{FAE04EC0-301F-11D3-BF4B-00C04F79EFBC}") = "DataBindingComplex.Ex5-3", "DataBindingComplex.Ex5-3\DataBindingComplex.Ex5-3.csproj", "{40E30D9E-1021-4E0F-8CDB-114CEF0E0910}"
EndProject
Project("{FAE04EC0-301F-11D3-BF4B-00C04F79EFBC}") = "DataGridViewExample.Ex5-4", "DataGridViewExample.Ex5-4\DataGridViewExample.Ex5-4.csproj", "{8B5B69FE-D5A7-4587-B1DE-26037279DE9A}"
EndProject
Project("{FAE04EC0-301F-11D3-BF4B-00C04F79EFBC}") = "SavingDataSetXml.Ex6-1", "SavingDataSetXml.Ex6-1\SavingDataSetXml.Ex6-1.csproj", "{D8411B74-EDC3-49DB-80FA-841F7A9F9D1B}"
EndProject
Project("{FAE04EC0-301F-11D3-BF4B-00C04F79EFBC}") = "LoadDataSetXml.Ex6-2", "LoadDataSetXml.Ex6-2\LoadDataSetXml.Ex6-2.csproj", "{E4D63694-EFB8-4C9B-A10D-8819EA1A7F6D}"
EndProject
Global
	GlobalSection(SolutionConfigurationPlatforms) = preSolution
		Debug|Any CPU = Debug|Any CPU
		Release|Any CPU = Release|Any CPU
	EndGlobalSection
	GlobalSection(ProjectConfigurationPlatforms) = postSolution
		{0FC80603-9BF0-4F6A-B3DE-92A5FEE82B66}.Debug|Any CPU.ActiveCfg = Debug|Any CPU
		{0FC80603-9BF0-4F6A-B3DE-92A5FEE82B66}.Debug|Any CPU.Build.0 = Debug|Any CPU
		{0FC80603-9BF0-4F6A-B3DE-92A5FEE82B66}.Release|Any CPU.ActiveCfg = Release|Any CPU
		{0FC80603-9BF0-4F6A-B3DE-92A5FEE82B66}.Release|Any CPU.Build.0 = Release|Any CPU
		{AA06406E-9E3D-4420-9F3C-A0455ECAE864}.Debug|Any CPU.ActiveCfg = Debug|Any CPU
		{AA06406E-9E3D-4420-9F3C-A0455ECAE864}.Debug|Any CPU.Build.0 = Debug|Any CPU
		{AA06406E-9E3D-4420-9F3C-A0455ECAE864}.Release|Any CPU.ActiveCfg = Release|Any CPU
		{AA06406E-9E3D-4420-9F3C-A0455ECAE864}.Release|Any CPU.Build.0 = Release|Any CPU
		{2C10C52E-1C5F-4E46-8FFE-073EEA166037}.Debug|Any CPU.ActiveCfg = Debug|Any CPU
		{2C10C52E-1C5F-4E46-8FFE-073EEA166037}.Debug|Any CPU.Build.0 = Debug|Any CPU
		{2C10C52E-1C5F-4E46-8FFE-073EEA166037}.Release|Any CPU.ActiveCfg = Release|Any CPU
		{2C10C52E-1C5F-4E46-8FFE-073EEA166037}.Release|Any CPU.Build.0 = Release|Any CPU
		{55A39BB8-F46E-403A-83FA-590CF782666C}.Debug|Any CPU.ActiveCfg = Debug|Any CPU
		{55A39BB8-F46E-403A-83FA-590CF782666C}.Debug|Any CPU.Build.0 = Debug|Any CPU
		{55A39BB8-F46E-403A-83FA-590CF782666C}.Release|Any CPU.ActiveCfg = Release|Any CPU
		{55A39BB8-F46E-403A-83FA-590CF782666C}.Release|Any CPU.Build.0 = Release|Any CPU
		{2F55B362-4839-442A-B761-34DFD027A6C5}.Debug|Any CPU.ActiveCfg = Debug|Any CPU
		{2F55B362-4839-442A-B761-34DFD027A6C5}.Debug|Any CPU.Build.0 = Debug|Any CPU
		{2F55B362-4839-442A-B761-34DFD027A6C5}.Release|Any CPU.ActiveCfg = Release|Any CPU
		{2F55B362-4839-442A-B761-34DFD027A6C5}.Release|Any CPU.Build.0 = Release|Any CPU
		{0E76AAF0-E562-4B8E-B6E7-913B959DD5C3}.Debug|Any CPU.ActiveCfg = Debug|Any CPU
		{0E76AAF0-E562-4B8E-B6E7-913B959DD5C3}.Debug|Any CPU.Build.0 = Debug|Any CPU
		{0E76AAF0-E562-4B8E-B6E7-913B959DD5C3}.Release|Any CPU.ActiveCfg = Release|Any CPU
		{0E76AAF0-E562-4B8E-B6E7-913B959DD5C3}.Release|Any CPU.Build.0 = Release|Any CPU
		{B7575C9B-B042-415B-9D47-E3C62C1367C6}.Debug|Any CPU.ActiveCfg = Debug|Any CPU
		{B7575C9B-B042-415B-9D47-E3C62C1367C6}.Debug|Any CPU.Build.0 = Debug|Any CPU
		{B7575C9B-B042-415B-9D47-E3C62C1367C6}.Release|Any CPU.ActiveCfg = Release|Any CPU
		{B7575C9B-B042-415B-9D47-E3C62C1367C6}.Release|Any CPU.Build.0 = Release|Any CPU
		{D1E0E3A8-37E3-4214-88ED-61EE416B16F5}.Debug|Any CPU.ActiveCfg = Debug|Any CPU
		{D1E0E3A8-37E3-4214-88ED-61EE416B16F5}.Debug|Any CPU.Build.0 = Debug|Any CPU
		{D1E0E3A8-37E3-4214-88ED-61EE416B16F5}.Release|Any CPU.ActiveCfg = Release|Any CPU
		{D1E0E3A8-37E3-4214-88ED-61EE416B16F5}.Release|Any CPU.Build.0 = Release|Any CPU
		{B27B391F-0E53-4C86-8C24-A5758165DBDB}.Debug|Any CPU.ActiveCfg = Debug|Any CPU
		{B27B391F-0E53-4C86-8C24-A5758165DBDB}.Debug|Any CPU.Build.0 = Debug|Any CPU
		{B27B391F-0E53-4C86-8C24-A5758165DBDB}.Release|Any CPU.ActiveCfg = Release|Any CPU
		{B27B391F-0E53-4C86-8C24-A5758165DBDB}.Release|Any CPU.Build.0 = Release|Any CPU
		{33CF8DC7-B0D0-4D2F-BBD0-0806CABCB30B}.Debug|Any CPU.ActiveCfg = Debug|Any CPU
		{33CF8DC7-B0D0-4D2F-BBD0-0806CABCB30B}.Debug|Any CPU.Build.0 = Debug|Any CPU
		{33CF8DC7-B0D0-4D2F-BBD0-0806CABCB30B}.Release|Any CPU.ActiveCfg = Release|Any CPU
		{33CF8DC7-B0D0-4D2F-BBD0-0806CABCB30B}.Release|Any CPU.Build.0 = Release|Any CPU
		{40E30D9E-1021-4E0F-8CDB-114CEF0E0910}.Debug|Any CPU.ActiveCfg = Debug|Any CPU
		{40E30D9E-1021-4E0F-8CDB-114CEF0E0910}.Debug|Any CPU.Build.0 = Debug|Any CPU
		{40E30D9E-1021-4E0F-8CDB-114CEF0E0910}.Release|Any CPU.ActiveCfg = Release|Any CPU
		{40E30D9E-1021-4E0F-8CDB-114CEF0E0910}.Release|Any CPU.Build.0 = Release|Any CPU
		{8B5B69FE-D5A7-4587-B1DE-26037279DE9A}.Debug|Any CPU.ActiveCfg = Debug|Any CPU
		{8B5B69FE-D5A7-4587-B1DE-26037279DE9A}.Debug|Any CPU.Build.0 = Debug|Any CPU
		{8B5B69FE-D5A7-4587-B1DE-26037279DE9A}.Release|Any CPU.ActiveCfg = Release|Any CPU
		{8B5B69FE-D5A7-4587-B1DE-26037279DE9A}.Release|Any CPU.Build.0 = Release|Any CPU
		{D8411B74-EDC3-49DB-80FA-841F7A9F9D1B}.Debug|Any CPU.ActiveCfg = Debug|Any CPU
		{D8411B74-EDC3-49DB-80FA-841F7A9F9D1B}.Debug|Any CPU.Build.0 = Debug|Any CPU
		{D8411B74-EDC3-49DB-80FA-841F7A9F9D1B}.Release|Any CPU.ActiveCfg = Release|Any CPU
		{D8411B74-EDC3-49DB-80FA-841F7A9F9D1B}.Release|Any CPU.Build.0 = Release|Any CPU
		{E4D63694-EFB8-4C9B-A10D-8819EA1A7F6D}.Debug|Any CPU.ActiveCfg = Debug|Any CPU
		{E4D63694-EFB8-4C9B-A10D-8819EA1A7F6D}.Debug|Any CPU.Build.0 = Debug|Any CPU
		{E4D63694-EFB8-4C9B-A10D-8819EA1A7F6D}.Release|Any CPU.ActiveCfg = Release|Any CPU
		{E4D63694-EFB8-4C9B-A10D-8819EA1A7F6D}.Release|Any CPU.Build.0 = Release|Any CPU
	EndGlobalSection
	GlobalSection(SolutionProperties) = preSolution
		HideSolutionNode = FALSE
	EndGlobalSection
	GlobalSection(ExtensibilityGlobals) = postSolution
		SolutionGuid = {71045DC6-8F97-4356-80DE-FA71B81620F3}
	EndGlobalSection
EndGlobal
